PODS:
  - Expecta (0.3.2)
  - OCMock (3.1.2)
  - Specta (0.3.2)
  - Underscore.m (0.2.1)

DEPENDENCIES:
  - Expecta
  - OCMock (~> 3.1.2)
  - Specta
  - Underscore.m

SPEC CHECKSUMS:
  Expecta: ee641011fe10aa1855d487b40e4976dac50ec342
  OCMock: ecdd510b73ef397f2f97274785c1e87fd147c49f
  Specta: 698a58ffa5ec948327d3b92eab50ca58d7f4fbe8
  Underscore.m: f99c166a9fdccfb5069085b6b4263c04b817fc9f

COCOAPODS: 0.35.0
